Microsoft Visual Studio Solution File, Format Version 11.00
# Visual Studio 2008

Project("{1D489CD8-C95A-CBBB-8707-EEDC1B98E301}") = "LightTitans", "Assembly-CSharp-firstpass.csproj", "{37FCEE86-940C-CBF4-212C-606B1EFB7A51}"
EndProject
Project("{1D489CD8-C95A-CBBB-8707-EEDC1B98E301}") = "LightTitans", "Assembly-CSharp.csproj", "{D4417F9B-BB1E-6443-CDF6-3021C50D30E6}"
EndProject
Project("{1D489CD8-C95A-CBBB-8707-EEDC1B98E301}") = "LightTitans", "Assembly-CSharp-Editor.csproj", "{DA314EFE-E356-8C16-9F97-18ACBE7DC005}"
EndProject
Global
	GlobalSection(SolutionConfigurationPlatforms) = preSolution
		Debug|Any CPU = Debug|Any CPU
		Release|Any CPU = Release|Any CPU
	EndGlobalSection
	GlobalSection(ProjectConfigurationPlatforms) = postSolution
		{37FCEE86-940C-CBF4-212C-606B1EFB7A51}.Debug|Any CPU.ActiveCfg = Debug|Any CPU
		{37FCEE86-940C-CBF4-212C-606B1EFB7A51}.Debug|Any CPU.Build.0 = Debug|Any CPU
		{37FCEE86-940C-CBF4-212C-606B1EFB7A51}.Release|Any CPU.ActiveCfg = Release|Any CPU
		{37FCEE86-940C-CBF4-212C-606B1EFB7A51}.Release|Any CPU.Build.0 = Release|Any CPU
		{D4417F9B-BB1E-6443-CDF6-3021C50D30E6}.Debug|Any CPU.ActiveCfg = Debug|Any CPU
		{D4417F9B-BB1E-6443-CDF6-3021C50D30E6}.Debug|Any CPU.Build.0 = Debug|Any CPU
		{D4417F9B-BB1E-6443-CDF6-3021C50D30E6}.Release|Any CPU.ActiveCfg = Release|Any CPU
		{D4417F9B-BB1E-6443-CDF6-3021C50D30E6}.Release|Any CPU.Build.0 = Release|Any CPU
		{DA314EFE-E356-8C16-9F97-18ACBE7DC005}.Debug|Any CPU.ActiveCfg = Debug|Any CPU
		{DA314EFE-E356-8C16-9F97-18ACBE7DC005}.Debug|Any CPU.Build.0 = Debug|Any CPU
		{DA314EFE-E356-8C16-9F97-18ACBE7DC005}.Release|Any CPU.ActiveCfg = Release|Any CPU
		{DA314EFE-E356-8C16-9F97-18ACBE7DC005}.Release|Any CPU.Build.0 = Release|Any CPU
	EndGlobalSection
	GlobalSection(SolutionProperties) = preSolution
		HideSolutionNode = FALSE
	EndGlobalSection
																																													GlobalSection(MonoDevelopProperties) = preSolution
		StartupItem = Assembly-CSharp.csproj
		Policies = $0
		$0.TextStylePolicy = $1
		$1.inheritsSet = null
		$1.scope = text/x-csharp
		$0.CSharpFormattingPolicy = $2
		$2.inheritsSet = Mono
		$2.inheritsScope = text/x-csharp
		$2.scope = text/x-csharp
		$0.TextStylePolicy = $3
		$3.FileWidth = 120
		$3.TabWidth = 4
		$3.EolMarker = Unix
		$3.inheritsSet = Mono
		$3.inheritsScope = text/plain
		$3.scope = text/plain
	EndGlobalSection

EndGlobal
